// !$*UTF8*$!
{
	archiveVersion = 1;
	classes = {
	};
	objectVersion = 46;
	objects = {

/* Begin PBXBuildFile section */
		6B13B1F633A00FE297D3C323 /* Pods_TerraNoteTests.framework in Frameworks */ = {isa = PBXBuildFile; fileRef = D615863EA4EBCB26AAC849F0 /* Pods_TerraNoteTests.framework */; };
		885942121F67C46B003F105F /* TNSearchTableVC.swift in Sources */ = {isa = PBXBuildFile; fileRef = 885942111F67C46B003F105F /* TNSearchTableVC.swift */; };
		88D0DB631F5F7C0F00F55603 /* AppDelegate.swift in Sources */ = {isa = PBXBuildFile; fileRef = 88D0DB621F5F7C0F00F55603 /* AppDelegate.swift */; };
		88D0DB651F5F7C0F00F55603 /* TNMapViewController.swift in Sources */ = {isa = PBXBuildFile; fileRef = 88D0DB641F5F7C0F00F55603 /* TNMapViewController.swift */; };
		88D0DB681F5F7C0F00F55603 /* Main.storyboard in Resources */ = {isa = PBXBuildFile; fileRef = 88D0DB661F5F7C0F00F55603 /* Main.storyboard */; };
		88D0DB6D1F5F7C0F00F55603 /* Assets.xcassets in Resources */ = {isa = PBXBuildFile; fileRef = 88D0DB6C1F5F7C0F00F55603 /* Assets.xcassets */; };
		88D0DB701F5F7C0F00F55603 /* LaunchScreen.storyboard in Resources */ = {isa = PBXBuildFile; fileRef = 88D0DB6E1F5F7C0F00F55603 /* LaunchScreen.storyboard */; };
		88D0DB7B1F5F7C1000F55603 /* TerraNoteTests.swift in Sources */ = {isa = PBXBuildFile; fileRef = 88D0DB7A1F5F7C1000F55603 /* TerraNoteTests.swift */; };
		88D0DB971F5F7DB700F55603 /* GeoFire.m in Sources */ = {isa = PBXBuildFile; fileRef = 88D0DB891F5F7DB700F55603 /* GeoFire.m */; };
		88D0DB981F5F7DB700F55603 /* GeoFireClient.swift in Sources */ = {isa = PBXBuildFile; fileRef = 88D0DB8B1F5F7DB700F55603 /* GeoFireClient.swift */; };
		88D0DB991F5F7DB700F55603 /* GFBase32Utils.m in Sources */ = {isa = PBXBuildFile; fileRef = 88D0DB8D1F5F7DB700F55603 /* GFBase32Utils.m */; };
		88D0DB9A1F5F7DB700F55603 /* GFGeoHash.m in Sources */ = {isa = PBXBuildFile; fileRef = 88D0DB901F5F7DB700F55603 /* GFGeoHash.m */; };
		88D0DB9B1F5F7DB700F55603 /* GFGeoHashQuery.m in Sources */ = {isa = PBXBuildFile; fileRef = 88D0DB921F5F7DB700F55603 /* GFGeoHashQuery.m */; };
		88D0DB9C1F5F7DB700F55603 /* GFQuery.m in Sources */ = {isa = PBXBuildFile; fileRef = 88D0DB941F5F7DB700F55603 /* GFQuery.m */; };
		88D0DB9E1F5F7E8200F55603 /* GoogleService-Info.plist in Resources */ = {isa = PBXBuildFile; fileRef = 88D0DB9D1F5F7E8200F55603 /* GoogleService-Info.plist */; };
		88D0DBA01F5F87C400F55603 /* TNSignInController.swift in Sources */ = {isa = PBXBuildFile; fileRef = 88D0DB9F1F5F87C400F55603 /* TNSignInController.swift */; };
		88D0DBA41F5F990600F55603 /* FirebaseClient.swift in Sources */ = {isa = PBXBuildFile; fileRef = 88D0DBA31F5F990600F55603 /* FirebaseClient.swift */; };
		88D0DBA81F5F9E3200F55603 /* TNNote.swift in Sources */ = {isa = PBXBuildFile; fileRef = 88D0DBA71F5F9E3200F55603 /* TNNote.swift */; };
		88D0DBAA1F5FBCD900F55603 /* TNSignInController.xib in Resources */ = {isa = PBXBuildFile; fileRef = 88D0DBA91F5FBCD900F55603 /* TNSignInController.xib */; };
		88D0DBAC1F606F9000F55603 /* CoreLocClient.swift in Sources */ = {isa = PBXBuildFile; fileRef = 88D0DBAB1F606F9000F55603 /* CoreLocClient.swift */; };
		88D0DBAE1F60827400F55603 /* TNViewFormatter.swift in Sources */ = {isa = PBXBuildFile; fileRef = 88D0DBAD1F60827400F55603 /* TNViewFormatter.swift */; };
		88D0DBB01F60910600F55603 /* TNNewNoteVC.swift in Sources */ = {isa = PBXBuildFile; fileRef = 88D0DBAF1F60910600F55603 /* TNNewNoteVC.swift */; };
		88D0DBB21F609D6500F55603 /* Extensions.swift in Sources */ = {isa = PBXBuildFile; fileRef = 88D0DBB11F609D6500F55603 /* Extensions.swift */; };
		88D0DBB41F60C8D400F55603 /* TNAnnotation.swift in Sources */ = {isa = PBXBuildFile; fileRef = 88D0DBB31F60C8D400F55603 /* TNAnnotation.swift */; };
		CE4EA319B8AA5D7134BF48DF /* Pods_TerraNote.framework in Frameworks */ = {isa = PBXBuildFile; fileRef = 0118F498835A7061184082FB /* Pods_TerraNote.framework */; };
/* End PBXBuildFile section */

/* Begin PBXContainerItemProxy section */
		88D0DB771F5F7C1000F55603 /* PBXContainerItemProxy */ = {
			isa = PBXContainerItemProxy;
			containerPortal = 88D0DB571F5F7C0F00F55603 /* Project object */;
			proxyType = 1;
			remoteGlobalIDString = 88D0DB5E1F5F7C0F00F55603;
			remoteInfo = TerraNote;
		};
/* End PBXContainerItemProxy section */

/* Begin PBXFileReference section */
		0118F498835A7061184082FB /* Pods_TerraNote.framework */ = {isa = PBXFileReference; explicitFileType = wrapper.framework; includeInIndex = 0; path = Pods_TerraNote.framework; sourceTree = BUILT_PRODUCTS_DIR; };
		3A0C961FF5C68A03B12C960F /* Pods-TerraNote.debug.xcconfig */ = {isa = PBXFileReference; includeInIndex = 1; lastKnownFileType = text.xcconfig; name = "Pods-TerraNote.debug.xcconfig"; path = "Pods/Target Support Files/Pods-TerraNote/Pods-TerraNote.debug.xcconfig"; sourceTree = "<group>"; };
		416CAF0AF47371643DD70C64 /* Pods-TerraNote.release.xcconfig */ = {isa = PBXFileReference; includeInIndex = 1; lastKnownFileType = text.xcconfig; name = "Pods-TerraNote.release.xcconfig"; path = "Pods/Target Support Files/Pods-TerraNote/Pods-TerraNote.release.xcconfig"; sourceTree = "<group>"; };
		46F3DFC9B6AFC378D7A8C173 /* Pods-TerraNoteTests.release.xcconfig */ = {isa = PBXFileReference; includeInIndex = 1; lastKnownFileType = text.xcconfig; name = "Pods-TerraNoteTests.release.xcconfig"; path = "Pods/Target Support Files/Pods-TerraNoteTests/Pods-TerraNoteTests.release.xcconfig"; sourceTree = "<group>"; };
		675C1522F6A536646C2DCF5B /* Pods-TerraNoteTests.debug.xcconfig */ = {isa = PBXFileReference; includeInIndex = 1; lastKnownFileType = text.xcconfig; name = "Pods-TerraNoteTests.debug.xcconfig"; path = "Pods/Target Support Files/Pods-TerraNoteTests/Pods-TerraNoteTests.debug.xcconfig"; sourceTree = "<group>"; };
		885942111F67C46B003F105F /* TNSearchTableVC.swift */ = {isa = PBXFileReference; fileEncoding = 4; lastKnownFileType = sourcecode.swift; path = TNSearchTableVC.swift; sourceTree = "<group>"; };
		88D0DB5F1F5F7C0F00F55603 /* TerraNote.app */ = {isa = PBXFileReference; explicitFileType = wrapper.application; includeInIndex = 0; path = TerraNote.app; sourceTree = BUILT_PRODUCTS_DIR; };
		88D0DB621F5F7C0F00F55603 /* AppDelegate.swift */ = {isa = PBXFileReference; lastKnownFileType = sourcecode.swift; path = AppDelegate.swift; sourceTree = "<group>"; };
		88D0DB641F5F7C0F00F55603 /* TNMapViewController.swift */ = {isa = PBXFileReference; lastKnownFileType = sourcecode.swift; path = TNMapViewController.swift; sourceTree = "<group>"; };
		88D0DB671F5F7C0F00F55603 /* Base */ = {isa = PBXFileReference; lastKnownFileType = file.storyboard; name = Base; path = Base.lproj/Main.storyboard; sourceTree = "<group>"; };
		88D0DB6C1F5F7C0F00F55603 /* Assets.xcassets */ = {isa = PBXFileReference; lastKnownFileType = folder.assetcatalog; path = Assets.xcassets; sourceTree = "<group>"; };
		88D0DB6F1F5F7C0F00F55603 /* Base */ = {isa = PBXFileReference; lastKnownFileType = file.storyboard; name = Base; path = Base.lproj/LaunchScreen.storyboard; sourceTree = "<group>"; };
		88D0DB711F5F7C0F00F55603 /* Info.plist */ = {isa = PBXFileReference; lastKnownFileType = text.plist.xml; path = Info.plist; sourceTree = "<group>"; };
		88D0DB761F5F7C1000F55603 /* TerraNoteTests.xctest */ = {isa = PBXFileReference; explicitFileType = wrapper.cfbundle; includeInIndex = 0; path = TerraNoteTests.xctest; sourceTree = BUILT_PRODUCTS_DIR; };
		88D0DB7A1F5F7C1000F55603 /* TerraNoteTests.swift */ = {isa = PBXFileReference; lastKnownFileType = sourcecode.swift; path = TerraNoteTests.swift; sourceTree = "<group>"; };
		88D0DB7C1F5F7C1000F55603 /* Info.plist */ = {isa = PBXFileReference; lastKnownFileType = text.plist.xml; path = Info.plist; sourceTree = "<group>"; };
		88D0DB861F5F7DB700F55603 /* TerraNote-Bridging-Header.h */ = {isa = PBXFileReference; lastKnownFileType = sourcecode.c.h; path = "TerraNote-Bridging-Header.h"; sourceTree = "<group>"; };
		88D0DB871F5F7DB700F55603 /* GeoFire-Prefix.pch */ = {isa = PBXFileReference; fileEncoding = 4; lastKnownFileType = sourcecode.c.h; name = "GeoFire-Prefix.pch"; path = "GeoFire/GeoFire-Prefix.pch"; sourceTree = "<group>"; };
		88D0DB881F5F7DB700F55603 /* GeoFire.h */ = {isa = PBXFileReference; fileEncoding = 4; lastKnownFileType = sourcecode.c.h; name = GeoFire.h; path = GeoFire/GeoFire.h; sourceTree = "<group>"; };
		88D0DB891F5F7DB700F55603 /* GeoFire.m */ = {isa = PBXFileReference; fileEncoding = 4; lastKnownFileType = sourcecode.c.objc; name = GeoFire.m; path = GeoFire/GeoFire.m; sourceTree = "<group>"; };
		88D0DB8A1F5F7DB700F55603 /* GeoFire+Private.h */ = {isa = PBXFileReference; fileEncoding = 4; lastKnownFileType = sourcecode.c.h; name = "GeoFire+Private.h"; path = "GeoFire/GeoFire+Private.h"; sourceTree = "<group>"; };
		88D0DB8B1F5F7DB700F55603 /* GeoFireClient.swift */ = {isa = PBXFileReference; fileEncoding = 4; lastKnownFileType = sourcecode.swift; name = GeoFireClient.swift; path = GeoFire/GeoFireClient.swift; sourceTree = "<group>"; };
		88D0DB8C1F5F7DB700F55603 /* GFBase32Utils.h */ = {isa = PBXFileReference; fileEncoding = 4; lastKnownFileType = sourcecode.c.h; name = GFBase32Utils.h; path = GeoFire/GFBase32Utils.h; sourceTree = "<group>"; };
		88D0DB8D1F5F7DB700F55603 /* GFBase32Utils.m */ = {isa = PBXFileReference; fileEncoding = 4; lastKnownFileType = sourcecode.c.objc; name = GFBase32Utils.m; path = GeoFire/GFBase32Utils.m; sourceTree = "<group>"; };
		88D0DB8E1F5F7DB700F55603 /* GFCircleQuery.h */ = {isa = PBXFileReference; fileEncoding = 4; lastKnownFileType = sourcecode.c.h; name = GFCircleQuery.h; path = GeoFire/GFCircleQuery.h; sourceTree = "<group>"; };
		88D0DB8F1F5F7DB700F55603 /* GFGeoHash.h */ = {isa = PBXFileReference; fileEncoding = 4; lastKnownFileType = sourcecode.c.h; name = GFGeoHash.h; path = GeoFire/GFGeoHash.h; sourceTree = "<group>"; };
		88D0DB901F5F7DB700F55603 /* GFGeoHash.m */ = {isa = PBXFileReference; fileEncoding = 4; lastKnownFileType = sourcecode.c.objc; name = GFGeoHash.m; path = GeoFire/GFGeoHash.m; sourceTree = "<group>"; };
		88D0DB911F5F7DB700F55603 /* GFGeoHashQuery.h */ = {isa = PBXFileReference; fileEncoding = 4; lastKnownFileType = sourcecode.c.h; name = GFGeoHashQuery.h; path = GeoFire/GFGeoHashQuery.h; sourceTree = "<group>"; };
		88D0DB921F5F7DB700F55603 /* GFGeoHashQuery.m */ = {isa = PBXFileReference; fileEncoding = 4; lastKnownFileType = sourcecode.c.objc; name = GFGeoHashQuery.m; path = GeoFire/GFGeoHashQuery.m; sourceTree = "<group>"; };
		88D0DB931F5F7DB700F55603 /* GFQuery.h */ = {isa = PBXFileReference; fileEncoding = 4; lastKnownFileType = sourcecode.c.h; name = GFQuery.h; path = GeoFire/GFQuery.h; sourceTree = "<group>"; };
		88D0DB941F5F7DB700F55603 /* GFQuery.m */ = {isa = PBXFileReference; fileEncoding = 4; lastKnownFileType = sourcecode.c.objc; name = GFQuery.m; path = GeoFire/GFQuery.m; sourceTree = "<group>"; };
		88D0DB951F5F7DB700F55603 /* GFQuery+Private.h */ = {isa = PBXFileReference; fileEncoding = 4; lastKnownFileType = sourcecode.c.h; name = "GFQuery+Private.h"; path = "GeoFire/GFQuery+Private.h"; sourceTree = "<group>"; };
		88D0DB961F5F7DB700F55603 /* GFRegionQuery.h */ = {isa = PBXFileReference; fileEncoding = 4; lastKnownFileType = sourcecode.c.h; name = GFRegionQuery.h; path = GeoFire/GFRegionQuery.h; sourceTree = "<group>"; };
		88D0DB9D1F5F7E8200F55603 /* GoogleService-Info.plist */ = {isa = PBXFileReference; fileEncoding = 4; lastKnownFileType = text.plist.xml; path = "GoogleService-Info.plist"; sourceTree = "<group>"; };
		88D0DB9F1F5F87C400F55603 /* TNSignInController.swift */ = {isa = PBXFileReference; fileEncoding = 4; lastKnownFileType = sourcecode.swift; path = TNSignInController.swift; sourceTree = "<group>"; };
		88D0DBA31F5F990600F55603 /* FirebaseClient.swift */ = {isa = PBXFileReference; fileEncoding = 4; lastKnownFileType = sourcecode.swift; path = FirebaseClient.swift; sourceTree = "<group>"; };
		88D0DBA71F5F9E3200F55603 /* TNNote.swift */ = {isa = PBXFileReference; fileEncoding = 4; lastKnownFileType = sourcecode.swift; path = TNNote.swift; sourceTree = "<group>"; };
		88D0DBA91F5FBCD900F55603 /* TNSignInController.xib */ = {isa = PBXFileReference; fileEncoding = 4; lastKnownFileType = file.xib; path = TNSignInController.xib; sourceTree = "<group>"; };
		88D0DBAB1F606F9000F55603 /* CoreLocClient.swift */ = {isa = PBXFileReference; fileEncoding = 4; lastKnownFileType = sourcecode.swift; path = CoreLocClient.swift; sourceTree = "<group>"; };
		88D0DBAD1F60827400F55603 /* TNViewFormatter.swift */ = {isa = PBXFileReference; fileEncoding = 4; lastKnownFileType = sourcecode.swift; path = TNViewFormatter.swift; sourceTree = "<group>"; };
		88D0DBAF1F60910600F55603 /* TNNewNoteVC.swift */ = {isa = PBXFileReference; fileEncoding = 4; lastKnownFileType = sourcecode.swift; path = TNNewNoteVC.swift; sourceTree = "<group>"; };
		88D0DBB11F609D6500F55603 /* Extensions.swift */ = {isa = PBXFileReference; fileEncoding = 4; lastKnownFileType = sourcecode.swift; path = Extensions.swift; sourceTree = "<group>"; };
		88D0DBB31F60C8D400F55603 /* TNAnnotation.swift */ = {isa = PBXFileReference; fileEncoding = 4; lastKnownFileType = sourcecode.swift; path = TNAnnotation.swift; sourceTree = "<group>"; };
		D615863EA4EBCB26AAC849F0 /* Pods_TerraNoteTests.framework */ = {isa = PBXFileReference; explicitFileType = wrapper.framework; includeInIndex = 0; path = Pods_TerraNoteTests.framework; sourceTree = BUILT_PRODUCTS_DIR; };
/* End PBXFileReference section */

/* Begin PBXFrameworksBuildPhase section */
		88D0DB5C1F5F7C0F00F55603 /* Frameworks */ = {
			isa = PBXFrameworksBuildPhase;
			buildActionMask = 2147483647;
			files = (
				CE4EA319B8AA5D7134BF48DF /* Pods_TerraNote.framework in Frameworks */,
			);
			runOnlyForDeploymentPostprocessing = 0;
		};
		88D0DB731F5F7C1000F55603 /* Frameworks */ = {
			isa = PBXFrameworksBuildPhase;
			buildActionMask = 2147483647;
			files = (
				6B13B1F633A00FE297D3C323 /* Pods_TerraNoteTests.framework in Frameworks */,
			);
			runOnlyForDeploymentPostprocessing = 0;
		};
/* End PBXFrameworksBuildPhase section */

/* Begin PBXGroup section */
		885942131F67C49E003F105F /* Models */ = {
			isa = PBXGroup;
			children = (
				88D0DBB31F60C8D400F55603 /* TNAnnotation.swift */,
				88D0DBA71F5F9E3200F55603 /* TNNote.swift */,
			);
			name = Models;
			sourceTree = "<group>";
		};
		885942141F67C4B1003F105F /* Views */ = {
			isa = PBXGroup;
			children = (
				88D0DBA91F5FBCD900F55603 /* TNSignInController.xib */,
				88D0DBAD1F60827400F55603 /* TNViewFormatter.swift */,
			);
			name = Views;
			sourceTree = "<group>";
		};
		885942151F67C4CD003F105F /* Controllers */ = {
			isa = PBXGroup;
			children = (
				88D0DB641F5F7C0F00F55603 /* TNMapViewController.swift */,
				88D0DB9F1F5F87C400F55603 /* TNSignInController.swift */,
				885942111F67C46B003F105F /* TNSearchTableVC.swift */,
				88D0DBAF1F60910600F55603 /* TNNewNoteVC.swift */,
			);
			name = Controllers;
			sourceTree = "<group>";
		};
		885942161F67C4F5003F105F /* Clients */ = {
			isa = PBXGroup;
			children = (
				88D0DB851F5F7D6C00F55603 /* GeoFire */,
				88D0DB8B1F5F7DB700F55603 /* GeoFireClient.swift */,
				88D0DBAB1F606F9000F55603 /* CoreLocClient.swift */,
				88D0DBA31F5F990600F55603 /* FirebaseClient.swift */,
			);
			name = Clients;
			sourceTree = "<group>";
		};
		88D0DB561F5F7C0F00F55603 = {
			isa = PBXGroup;
			children = (
				88D0DB611F5F7C0F00F55603 /* TerraNote */,
				88D0DB791F5F7C1000F55603 /* TerraNoteTests */,
				88D0DB601F5F7C0F00F55603 /* Products */,
				CB8F9B0A24CFF0AF3413272E /* Pods */,
				B3F4875495169F83A1EB3C64 /* Frameworks */,
			);
			sourceTree = "<group>";
		};
		88D0DB601F5F7C0F00F55603 /* Products */ = {
			isa = PBXGroup;
			children = (
				88D0DB5F1F5F7C0F00F55603 /* TerraNote.app */,
				88D0DB761F5F7C1000F55603 /* TerraNoteTests.xctest */,
			);
			name = Products;
			sourceTree = "<group>";
		};
		88D0DB611F5F7C0F00F55603 /* TerraNote */ = {
			isa = PBXGroup;
			children = (
				885942161F67C4F5003F105F /* Clients */,
				885942131F67C49E003F105F /* Models */,
				885942141F67C4B1003F105F /* Views */,
				885942151F67C4CD003F105F /* Controllers */,
				88D0DB621F5F7C0F00F55603 /* AppDelegate.swift */,
				88D0DBB11F609D6500F55603 /* Extensions.swift */,
				88D0DB661F5F7C0F00F55603 /* Main.storyboard */,
				88D0DB6C1F5F7C0F00F55603 /* Assets.xcassets */,
				88D0DB6E1F5F7C0F00F55603 /* LaunchScreen.storyboard */,
				88D0DB711F5F7C0F00F55603 /* Info.plist */,
				88D0DB9D1F5F7E8200F55603 /* GoogleService-Info.plist */,
			);
			path = TerraNote;
			sourceTree = "<group>";
		};
		88D0DB791F5F7C1000F55603 /* TerraNoteTests */ = {
			isa = PBXGroup;
			children = (
				88D0DB7A1F5F7C1000F55603 /* TerraNoteTests.swift */,
				88D0DB7C1F5F7C1000F55603 /* Info.plist */,
			);
			path = TerraNoteTests;
			sourceTree = "<group>";
		};
		88D0DB851F5F7D6C00F55603 /* GeoFire */ = {
			isa = PBXGroup;
			children = (
				88D0DB871F5F7DB700F55603 /* GeoFire-Prefix.pch */,
				88D0DB881F5F7DB700F55603 /* GeoFire.h */,
				88D0DB891F5F7DB700F55603 /* GeoFire.m */,
				88D0DB8A1F5F7DB700F55603 /* GeoFire+Private.h */,
				88D0DB8C1F5F7DB700F55603 /* GFBase32Utils.h */,
				88D0DB8D1F5F7DB700F55603 /* GFBase32Utils.m */,
				88D0DB8E1F5F7DB700F55603 /* GFCircleQuery.h */,
				88D0DB8F1F5F7DB700F55603 /* GFGeoHash.h */,
				88D0DB901F5F7DB700F55603 /* GFGeoHash.m */,
				88D0DB911F5F7DB700F55603 /* GFGeoHashQuery.h */,
				88D0DB921F5F7DB700F55603 /* GFGeoHashQuery.m */,
				88D0DB931F5F7DB700F55603 /* GFQuery.h */,
				88D0DB941F5F7DB700F55603 /* GFQuery.m */,
				88D0DB951F5F7DB700F55603 /* GFQuery+Private.h */,
				88D0DB961F5F7DB700F55603 /* GFRegionQuery.h */,
				88D0DB861F5F7DB700F55603 /* TerraNote-Bridging-Header.h */,
			);
			name = GeoFire;
			sourceTree = "<group>";
		};
		B3F4875495169F83A1EB3C64 /* Frameworks */ = {
			isa = PBXGroup;
			children = (
				0118F498835A7061184082FB /* Pods_TerraNote.framework */,
				D615863EA4EBCB26AAC849F0 /* Pods_TerraNoteTests.framework */,
			);
			name = Frameworks;
			sourceTree = "<group>";
		};
		CB8F9B0A24CFF0AF3413272E /* Pods */ = {
			isa = PBXGroup;
			children = (
				3A0C961FF5C68A03B12C960F /* Pods-TerraNote.debug.xcconfig */,
				416CAF0AF47371643DD70C64 /* Pods-TerraNote.release.xcconfig */,
				675C1522F6A536646C2DCF5B /* Pods-TerraNoteTests.debug.xcconfig */,
				46F3DFC9B6AFC378D7A8C173 /* Pods-TerraNoteTests.release.xcconfig */,
			);
			name = Pods;
			sourceTree = "<group>";
		};
/* End PBXGroup section */

/* Begin PBXNativeTarget section */
		88D0DB5E1F5F7C0F00F55603 /* TerraNote */ = {
			isa = PBXNativeTarget;
			buildConfigurationList = 88D0DB7F1F5F7C1000F55603 /* Build configuration list for PBXNativeTarget "TerraNote" */;
			buildPhases = (
				CC3AF2B642E0541DA8CBE330 /* [CP] Check Pods Manifest.lock */,
				88D0DB5B1F5F7C0F00F55603 /* Sources */,
				88D0DB5C1F5F7C0F00F55603 /* Frameworks */,
				88D0DB5D1F5F7C0F00F55603 /* Resources */,
				860198E01BC2ABC84D54DCFC /* [CP] Embed Pods Frameworks */,
				DD2E70F301BF6E638A44CD57 /* [CP] Copy Pods Resources */,
			);
			buildRules = (
			);
			dependencies = (
			);
			name = TerraNote;
			productName = TerraNote;
			productReference = 88D0DB5F1F5F7C0F00F55603 /* TerraNote.app */;
			productType = "com.apple.product-type.application";
		};
		88D0DB751F5F7C1000F55603 /* TerraNoteTests */ = {
			isa = PBXNativeTarget;
			buildConfigurationList = 88D0DB821F5F7C1000F55603 /* Build configuration list for PBXNativeTarget "TerraNoteTests" */;
			buildPhases = (
				E7DE5F2F086B1BC089E2CC9C /* [CP] Check Pods Manifest.lock */,
				88D0DB721F5F7C1000F55603 /* Sources */,
				88D0DB731F5F7C1000F55603 /* Frameworks */,
				88D0DB741F5F7C1000F55603 /* Resources */,
				07D801B4F98A69BAFBA68E62 /* [CP] Embed Pods Frameworks */,
				EB51DBEE2C3A1D9D0DF641F4 /* [CP] Copy Pods Resources */,
			);
			buildRules = (
			);
			dependencies = (
				88D0DB781F5F7C1000F55603 /* PBXTargetDependency */,
			);
			name = TerraNoteTests;
			productName = TerraNoteTests;
			productReference = 88D0DB761F5F7C1000F55603 /* TerraNoteTests.xctest */;
			productType = "com.apple.product-type.bundle.unit-test";
		};
/* End PBXNativeTarget section */

/* Begin PBXProject section */
		88D0DB571F5F7C0F00F55603 /* Project object */ = {
			isa = PBXProject;
			attributes = {
				LastSwiftUpdateCheck = 0830;
				LastUpgradeCheck = 0830;
				ORGANIZATIONNAME = "Bozo Design Labs";
				TargetAttributes = {
					88D0DB5E1F5F7C0F00F55603 = {
						CreatedOnToolsVersion = 8.3.3;
						DevelopmentTeam = H7DR849HVE;
						LastSwiftMigration = 0830;
						ProvisioningStyle = Automatic;
					};
					88D0DB751F5F7C1000F55603 = {
						CreatedOnToolsVersion = 8.3.3;
						DevelopmentTeam = H7DR849HVE;
						ProvisioningStyle = Automatic;
						TestTargetID = 88D0DB5E1F5F7C0F00F55603;
					};
				};
			};
			buildConfigurationList = 88D0DB5A1F5F7C0F00F55603 /* Build configuration list for PBXProject "TerraNote" */;
			compatibilityVersion = "Xcode 3.2";
			developmentRegion = English;
			hasScannedForEncodings = 0;
			knownRegions = (
				en,
				Base,
			);
			mainGroup = 88D0DB561F5F7C0F00F55603;
			productRefGroup = 88D0DB601F5F7C0F00F55603 /* Products */;
			projectDirPath = "";
			projectRoot = "";
			targets = (
				88D0DB5E1F5F7C0F00F55603 /* TerraNote */,
				88D0DB751F5F7C1000F55603 /* TerraNoteTests */,
			);
		};
/* End PBXProject section */

/* Begin PBXResourcesBuildPhase section */
		88D0DB5D1F5F7C0F00F55603 /* Resources */ = {
			isa = PBXResourcesBuildPhase;
			buildActionMask = 2147483647;
			files = (
				88D0DB701F5F7C0F00F55603 /* LaunchScreen.storyboard in Resources */,
				88D0DB9E1F5F7E8200F55603 /* GoogleService-Info.plist in Resources */,
				88D0DB6D1F5F7C0F00F55603 /* Assets.xcassets in Resources */,
				88D0DB681F5F7C0F00F55603 /* Main.storyboard in Resources */,
				88D0DBAA1F5FBCD900F55603 /* TNSignInController.xib in Resources */,
			);
			runOnlyForDeploymentPostprocessing = 0;
		};
		88D0DB741F5F7C1000F55603 /* Resources */ = {
			isa = PBXResourcesBuildPhase;
			buildActionMask = 2147483647;
			files = (
			);
			runOnlyForDeploymentPostprocessing = 0;
		};
/* End PBXResourcesBuildPhase section */

/* Begin PBXShellScriptBuildPhase section */
		07D801B4F98A69BAFBA68E62 /* [CP] Embed Pods Frameworks */ = {
			isa = PBXShellScriptBuildPhase;
			buildActionMask = 2147483647;
			files = (
			);
			inputPaths = (
			);
			name = "[CP] Embed Pods Frameworks";
			outputPaths = (
			);
			runOnlyForDeploymentPostprocessing = 0;
			shellPath = /bin/sh;
			shellScript = "\"${SRCROOT}/Pods/Target Support Files/Pods-TerraNoteTests/Pods-TerraNoteTests-frameworks.sh\"\n";
			showEnvVarsInLog = 0;
		};
		860198E01BC2ABC84D54DCFC /* [CP] Embed Pods Frameworks */ = {
			isa = PBXShellScriptBuildPhase;
			buildActionMask = 2147483647;
			files = (
			);
			inputPaths = (
			);
			name = "[CP] Embed Pods Frameworks";
			outputPaths = (
			);
			runOnlyForDeploymentPostprocessing = 0;
			shellPath = /bin/sh;
			shellScript = "\"${SRCROOT}/Pods/Target Support Files/Pods-TerraNote/Pods-TerraNote-frameworks.sh\"\n";
			showEnvVarsInLog = 0;
		};
		CC3AF2B642E0541DA8CBE330 /* [CP] Check Pods Manifest.lock */ = {
			isa = PBXShellScriptBuildPhase;
			buildActionMask = 2147483647;
			files = (
			);
			inputPaths = (
			);
			name = "[CP] Check Pods Manifest.lock";
			outputPaths = (
			);
			runOnlyForDeploymentPostprocessing = 0;
			shellPath = /bin/sh;
			shellScript = "diff \"${PODS_PODFILE_DIR_PATH}/Podfile.lock\" \"${PODS_ROOT}/Manifest.lock\" > /dev/null\nif [ $? != 0 ] ; then\n    # print error to STDERR\n    echo \"error: The sandbox is not in sync with the Podfile.lock. Run 'pod install' or update your CocoaPods installation.\" >&2\n    exit 1\nfi\n";
			showEnvVarsInLog = 0;
		};
		DD2E70F301BF6E638A44CD57 /* [CP] Copy Pods Resources */ = {
			isa = PBXShellScriptBuildPhase;
			buildActionMask = 2147483647;
			files = (
			);
			inputPaths = (
			);
			name = "[CP] Copy Pods Resources";
			outputPaths = (
			);
			runOnlyForDeploymentPostprocessing = 0;
			shellPath = /bin/sh;
			shellScript = "\"${SRCROOT}/Pods/Target Support Files/Pods-TerraNote/Pods-TerraNote-resources.sh\"\n";
			showEnvVarsInLog = 0;
		};
		E7DE5F2F086B1BC089E2CC9C /* [CP] Check Pods Manifest.lock */ = {
			isa = PBXShellScriptBuildPhase;
			buildActionMask = 2147483647;
			files = (
			);
			inputPaths = (
			);
			name = "[CP] Check Pods Manifest.lock";
			outputPaths = (
			);
			runOnlyForDeploymentPostprocessing = 0;
			shellPath = /bin/sh;
			shellScript = "diff \"${PODS_PODFILE_DIR_PATH}/Podfile.lock\" \"${PODS_ROOT}/Manifest.lock\" > /dev/null\nif [ $? != 0 ] ; then\n    # print error to STDERR\n    echo \"error: The sandbox is not in sync with the Podfile.lock. Run 'pod install' or update your CocoaPods installation.\" >&2\n    exit 1\nfi\n";
			showEnvVarsInLog = 0;
		};
		EB51DBEE2C3A1D9D0DF641F4 /* [CP] Copy Pods Resources */ = {
			isa = PBXShellScriptBuildPhase;
			buildActionMask = 2147483647;
			files = (
			);
			inputPaths = (
			);
			name = "[CP] Copy Pods Resources";
			outputPaths = (
			);
			runOnlyForDeploymentPostprocessing = 0;
			shellPath = /bin/sh;
			shellScript = "\"${SRCROOT}/Pods/Target Support Files/Pods-TerraNoteTests/Pods-TerraNoteTests-resources.sh\"\n";
			showEnvVarsInLog = 0;
		};
/* End PBXShellScriptBuildPhase section */

/* Begin PBXSourcesBuildPhase section */
		88D0DB5B1F5F7C0F00F55603 /* Sources */ = {
			isa = PBXSourcesBuildPhase;
			buildActionMask = 2147483647;
			files = (
				88D0DB981F5F7DB700F55603 /* GeoFireClient.swift in Sources */,
				88D0DB991F5F7DB700F55603 /* GFBase32Utils.m in Sources */,
				88D0DB971F5F7DB700F55603 /* GeoFire.m in Sources */,
				88D0DB651F5F7C0F00F55603 /* TNMapViewController.swift in Sources */,
				88D0DB9B1F5F7DB700F55603 /* GFGeoHashQuery.m in Sources */,
				88D0DBB01F60910600F55603 /* TNNewNoteVC.swift in Sources */,
				88D0DBA81F5F9E3200F55603 /* TNNote.swift in Sources */,
				88D0DB9C1F5F7DB700F55603 /* GFQuery.m in Sources */,
				88D0DB9A1F5F7DB700F55603 /* GFGeoHash.m in Sources */,
				88D0DBAC1F606F9000F55603 /* CoreLocClient.swift in Sources */,
				88D0DBB41F60C8D400F55603 /* TNAnnotation.swift in Sources */,
				88D0DBB21F609D6500F55603 /* Extensions.swift in Sources */,
				88D0DBA41F5F990600F55603 /* FirebaseClient.swift in Sources */,
				88D0DBA01F5F87C400F55603 /* TNSignInController.swift in Sources */,
				885942121F67C46B003F105F /* TNSearchTableVC.swift in Sources */,
				88D0DB631F5F7C0F00F55603 /* AppDelegate.swift in Sources */,
				88D0DBAE1F60827400F55603 /* TNViewFormatter.swift in Sources */,
			);
			runOnlyForDeploymentPostprocessing = 0;
		};
		88D0DB721F5F7C1000F55603 /* Sources */ = {
			isa = PBXSourcesBuildPhase;
			buildActionMask = 2147483647;
			files = (
				88D0DB7B1F5F7C1000F55603 /* TerraNoteTests.swift in Sources */,
			);
			runOnlyForDeploymentPostprocessing = 0;
		};
/* End PBXSourcesBuildPhase section */

/* Begin PBXTargetDependency section */
		88D0DB781F5F7C1000F55603 /* PBXTargetDependency */ = {
			isa = PBXTargetDependency;
			target = 88D0DB5E1F5F7C0F00F55603 /* TerraNote */;
			targetProxy = 88D0DB771F5F7C1000F55603 /* PBXContainerItemProxy */;
		};
/* End PBXTargetDependency section */

/* Begin PBXVariantGroup section */
		88D0DB661F5F7C0F00F55603 /* Main.storyboard */ = {
			isa = PBXVariantGroup;
			children = (
				88D0DB671F5F7C0F00F55603 /* Base */,
			);
			name = Main.storyboard;
			sourceTree = "<group>";
		};
		88D0DB6E1F5F7C0F00F55603 /* LaunchScreen.storyboard */ = {
			isa = PBXVariantGroup;
			children = (
				88D0DB6F1F5F7C0F00F55603 /* Base */,
			);
			name = LaunchScreen.storyboard;
			sourceTree = "<group>";
		};
/* End PBXVariantGroup section */

/* Begin XCBuildConfiguration section */
		88D0DB7D1F5F7C1000F55603 /* Debug */ = {
			isa = XCBuildConfiguration;
			buildSettings = {
				ALWAYS_SEARCH_USER_PATHS = NO;
				CLANG_ANALYZER_NONNULL = YES;
				CLANG_ANALYZER_NUMBER_OBJECT_CONVERSION = YES_AGGRESSIVE;
				CLANG_CXX_LANGUAGE_STANDARD = "gnu++0x";
				CLANG_CXX_LIBRARY = "libc++";
				CLANG_ENABLE_MODULES = YES;
				CLANG_ENABLE_OBJC_ARC = YES;
				CLANG_WARN_BOOL_CONVERSION = YES;
				CLANG_WARN_CONSTANT_CONVERSION = YES;
				CLANG_WARN_DIRECT_OBJC_ISA_USAGE = YES_ERROR;
				CLANG_WARN_DOCUMENTATION_COMMENTS = YES;
				CLANG_WARN_EMPTY_BODY = YES;
				CLANG_WARN_ENUM_CONVERSION = YES;
				CLANG_WARN_INFINITE_RECURSION = YES;
				CLANG_WARN_INT_CONVERSION = YES;
				CLANG_WARN_OBJC_ROOT_CLASS = YES_ERROR;
				CLANG_WARN_SUSPICIOUS_MOVE = YES;
				CLANG_WARN_UNREACHABLE_CODE = YES;
				CLANG_WARN__DUPLICATE_METHOD_MATCH = YES;
				"CODE_SIGN_IDENTITY[sdk=iphoneos*]" = "iPhone Developer";
				COPY_PHASE_STRIP = NO;
				DEBUG_INFORMATION_FORMAT = dwarf;
				ENABLE_STRICT_OBJC_MSGSEND = YES;
				ENABLE_TESTABILITY = YES;
				GCC_C_LANGUAGE_STANDARD = gnu99;
				GCC_DYNAMIC_NO_PIC = NO;
				GCC_NO_COMMON_BLOCKS = YES;
				GCC_OPTIMIZATION_LEVEL = 0;
				GCC_PREPROCESSOR_DEFINITIONS = (
					"DEBUG=1",
					"$(inherited)",
				);
				GCC_WARN_64_TO_32_BIT_CONVERSION = YES;
				GCC_WARN_ABOUT_RETURN_TYPE = YES_ERROR;
				GCC_WARN_UNDECLARED_SELECTOR = YES;
				GCC_WARN_UNINITIALIZED_AUTOS = YES_AGGRESSIVE;
				GCC_WARN_UNUSED_FUNCTION = YES;
				GCC_WARN_UNUSED_VARIABLE = YES;
				IPHONEOS_DEPLOYMENT_TARGET = 10.3;
				MTL_ENABLE_DEBUG_INFO = YES;
				ONLY_ACTIVE_ARCH = YES;
				SDKROOT = iphoneos;
				SWIFT_ACTIVE_COMPILATION_CONDITIONS = DEBUG;
				SWIFT_OPTIMIZATION_LEVEL = "-Onone";
				TARGETED_DEVICE_FAMILY = "1,2";
			};
			name = Debug;
		};
		88D0DB7E1F5F7C1000F55603 /* Release */ = {
			isa = XCBuildConfiguration;
			buildSettings = {
				ALWAYS_SEARCH_USER_PATHS = NO;
				CLANG_ANALYZER_NONNULL = YES;
				CLANG_ANALYZER_NUMBER_OBJECT_CONVERSION = YES_AGGRESSIVE;
				CLANG_CXX_LANGUAGE_STANDARD = "gnu++0x";
				CLANG_CXX_LIBRARY = "libc++";
				CLANG_ENABLE_MODULES = YES;
				CLANG_ENABLE_OBJC_ARC = YES;
				CLANG_WARN_BOOL_CONVERSION = YES;
				CLANG_WARN_CONSTANT_CONVERSION = YES;
				CLANG_WARN_DIRECT_OBJC_ISA_USAGE = YES_ERROR;
				CLANG_WARN_DOCUMENTATION_COMMENTS = YES;
				CLANG_WARN_EMPTY_BODY = YES;
				CLANG_WARN_ENUM_CONVERSION = YES;
				CLANG_WARN_INFINITE_RECURSION = YES;
				CLANG_WARN_INT_CONVERSION = YES;
				CLANG_WARN_OBJC_ROOT_CLASS = YES_ERROR;
				CLANG_WARN_SUSPICIOUS_MOVE = YES;
				CLANG_WARN_UNREACHABLE_CODE = YES;
				CLANG_WARN__DUPLICATE_METHOD_MATCH = YES;
				"CODE_SIGN_IDENTITY[sdk=iphoneos*]" = "iPhone Developer";
				COPY_PHASE_STRIP = NO;
				DEBUG_INFORMATION_FORMAT = "dwarf-with-dsym";
				ENABLE_NS_ASSERTIONS = NO;
				ENABLE_STRICT_OBJC_MSGSEND = YES;
				GCC_C_LANGUAGE_STANDARD = gnu99;
				GCC_NO_COMMON_BLOCKS = YES;
				GCC_WARN_64_TO_32_BIT_CONVERSION = YES;
				GCC_WARN_ABOUT_RETURN_TYPE = YES_ERROR;
				GCC_WARN_UNDECLARED_SELECTOR = YES;
				GCC_WARN_UNINITIALIZED_AUTOS = YES_AGGRESSIVE;
				GCC_WARN_UNUSED_FUNCTION = YES;
				GCC_WARN_UNUSED_VARIABLE = YES;
				IPHONEOS_DEPLOYMENT_TARGET = 10.3;
				MTL_ENABLE_DEBUG_INFO = NO;
				SDKROOT = iphoneos;
				SWIFT_OPTIMIZATION_LEVEL = "-Owholemodule";
				TARGETED_DEVICE_FAMILY = "1,2";
				VALIDATE_PRODUCT = YES;
			};
			name = Release;
		};
		88D0DB801F5F7C1000F55603 /* Debug */ = {
			isa = XCBuildConfiguration;
			baseConfigurationReference = 3A0C961FF5C68A03B12C960F /* Pods-TerraNote.debug.xcconfig */;
			buildSettings = {
				ASSETCATALOG_COMPILER_APPICON_NAME = AppIcon;
				CLANG_ENABLE_MODULES = YES;
				DEVELOPMENT_TEAM = H7DR849HVE;
				INFOPLIST_FILE = TerraNote/Info.plist;
				LD_RUNPATH_SEARCH_PATHS = "$(inherited) @executable_path/Frameworks";
				PRODUCT_BUNDLE_IDENTIFIER = bdl.TerraNote;
				PRODUCT_NAME = "$(TARGET_NAME)";
				SWIFT_OBJC_BRIDGING_HEADER = "TerraNote/TerraNote-Bridging-Header.h";
				SWIFT_OPTIMIZATION_LEVEL = "-Onone";
				SWIFT_VERSION = 3.0;
			};
			name = Debug;
		};
		88D0DB811F5F7C1000F55603 /* Release */ = {
			isa = XCBuildConfiguration;
			baseConfigurationReference = 416CAF0AF47371643DD70C64 /* Pods-TerraNote.release.xcconfig */;
			buildSettings = {
				ASSETCATALOG_COMPILER_APPICON_NAME = AppIcon;
				CLANG_ENABLE_MODULES = YES;
				DEVELOPMENT_TEAM = H7DR849HVE;
				INFOPLIST_FILE = TerraNote/Info.plist;
				LD_RUNPATH_SEARCH_PATHS = "$(inherited) @executable_path/Frameworks";
				PRODUCT_BUNDLE_IDENTIFIER = bdl.TerraNote;
				PRODUCT_NAME = "$(TARGET_NAME)";
				SWIFT_OBJC_BRIDGING_HEADER = "TerraNote/TerraNote-Bridging-Header.h";
				SWIFT_VERSION = 3.0;
			};
			name = Release;
		};
		88D0DB831F5F7C1000F55603 /* Debug */ = {
			isa = XCBuildConfiguration;
			baseConfigurationReference = 675C1522F6A536646C2DCF5B /* Pods-TerraNoteTests.debug.xcconfig */;
			buildSettings = {
				ALWAYS_EMBED_SWIFT_STANDARD_LIBRARIES = YES;
				BUNDLE_LOADER = "$(TEST_HOST)";
				DEVELOPMENT_TEAM = H7DR849HVE;
				INFOPLIST_FILE = TerraNoteTests/Info.plist;
				LD_RUNPATH_SEARCH_PATHS = "$(inherited) @executable_path/Frameworks @loader_path/Frameworks";
				PRODUCT_BUNDLE_IDENTIFIER = bdl.TerraNoteTests;
				PRODUCT_NAME = "$(TARGET_NAME)";
				SWIFT_VERSION = 3.0;
				TEST_HOST = "$(BUILT_PRODUCTS_DIR)/TerraNote.app/TerraNote";
			};
			name = Debug;
		};
		88D0DB841F5F7C1000F55603 /* Release */ = {
			isa = XCBuildConfiguration;
			baseConfigurationReference = 46F3DFC9B6AFC378D7A8C173 /* Pods-TerraNoteTests.release.xcconfig */;
			buildSettings = {
				ALWAYS_EMBED_SWIFT_STANDARD_LIBRARIES = YES;
				BUNDLE_LOADER = "$(TEST_HOST)";
				DEVELOPMENT_TEAM = H7DR849HVE;
				INFOPLIST_FILE = TerraNoteTests/Info.plist;
				LD_RUNPATH_SEARCH_PATHS = "$(inherited) @executable_path/Frameworks @loader_path/Frameworks";
				PRODUCT_BUNDLE_IDENTIFIER = bdl.TerraNoteTests;
				PRODUCT_NAME = "$(TARGET_NAME)";
				SWIFT_VERSION = 3.0;
				TEST_HOST = "$(BUILT_PRODUCTS_DIR)/TerraNote.app/TerraNote";
			};
			name = Release;
		};
/* End XCBuildConfiguration section */

/* Begin XCConfigurationList section */
		88D0DB5A1F5F7C0F00F55603 /* Build configuration list for PBXProject "TerraNote" */ = {
			isa = XCConfigurationList;
			buildConfigurations = (
				88D0DB7D1F5F7C1000F55603 /* Debug */,
				88D0DB7E1F5F7C1000F55603 /* Release */,
			);
			defaultConfigurationIsVisible = 0;
			defaultConfigurationName = Release;
		};
		88D0DB7F1F5F7C1000F55603 /* Build configuration list for PBXNativeTarget "TerraNote" */ = {
			isa = XCConfigurationList;
			buildConfigurations = (
				88D0DB801F5F7C1000F55603 /* Debug */,
				88D0DB811F5F7C1000F55603 /* Release */,
			);
			defaultConfigurationIsVisible = 0;
			defaultConfigurationName = Release;
		};
		88D0DB821F5F7C1000F55603 /* Build configuration list for PBXNativeTarget "TerraNoteTests" */ = {
			isa = XCConfigurationList;
			buildConfigurations = (
				88D0DB831F5F7C1000F55603 /* Debug */,
				88D0DB841F5F7C1000F55603 /* Release */,
			);
			defaultConfigurationIsVisible = 0;
			defaultConfigurationName = Release;
		};
/* End XCConfigurationList section */
	};
	rootObject = 88D0DB571F5F7C0F00F55603 /* Project object */;
}
